<?xml version="1.0" encoding="utf-8"?>
<Project ToolsVersion="4.0" xmlns="http://schemas.microsoft.com/developer/msbuild/2003">
  <ItemGroup>
    <Filter Include="Source Files">
      <UniqueIdentifier>{11e00233-2bae-491a-86b8-d0ba5745dc0b}</UniqueIdentifier>
      <Extensions>cpp;c;cxx;def;odl;idl;hpj;bat;asm</Extensions>
    </Filter>
    <Filter Include="Header Files">
      <UniqueIdentifier>{181186ed-e3f1-4008-9c36-45fd4c18bc68}</UniqueIdentifier>
      <Extensions>h;hpp;hxx;hm;inl;inc</Extensions>
    </Filter>
    <Filter Include="Resource Files">
      <UniqueIdentifier>{d33949fd-5f30-4f02-a1a1-2c8520a128d7}</UniqueIdentifier>
      <Extensions>rc;ico;cur;bmp;dlg;rc2;rct;bin;rgs;gif;jpg;jpeg;jpe</Extensions>
    </Filter>
  </ItemGroup>
  <ItemGroup>
    <ClCompile Include="Background.cpp">
      <Filter>Source Files</Filter>
    </ClCompile>
    <ClCompile Include="Bitmap.cpp">
      <Filter>Source Files</Filter>
    </ClCompile>
    <ClCompile Include="GameEngine.cpp">
      <Filter>Source Files</Filter>
    </ClCompile>
    <ClCompile Include="Game.cpp">
      <Filter>Source Files</Filter>
    </ClCompile>
    <ClCompile Include="Sprite.cpp">
      <Filter>Source Files</Filter>
    </ClCompile>
    <ClCompile Include="MazeGenerator.cpp">
      <Filter>Source Files</Filter>
    </ClCompile>
    <ClCompile Include="Enemy.cpp">
      <Filter>Source Files</Filter>
    </ClCompile>
    <ClCompile Include="Player.cpp">
      <Filter>Source Files</Filter>
    </ClCompile>
    <ClCompile Include="FOVBackground.cpp">
      <Filter>Source Files</Filter>
    </ClCompile>
    <ClCompile Include="Missile.cpp">
      <Filter>Source Files</Filter>
    </ClCompile>
  </ItemGroup>
  <ItemGroup>
    <ClInclude Include="Background.h">
      <Filter>Header Files</Filter>
    </ClInclude>
    <ClInclude Include="Bitmap.h">
      <Filter>Header Files</Filter>
    </ClInclude>
    <ClInclude Include="GameEngine.h">
      <Filter>Header Files</Filter>
    </ClInclude>
    <ClInclude Include="Resource.h">
      <Filter>Header Files</Filter>
    </ClInclude>
    <ClInclude Include="Game.h">
      <Filter>Header Files</Filter>
    </ClInclude>
    <ClInclude Include="Sprite.h">
      <Filter>Header Files</Filter>
    </ClInclude>
    <ClInclude Include="MazeGenerator.h">
      <Filter>Header Files</Filter>
    </ClInclude>
    <ClInclude Include="Camera.h">
      <Filter>Header Files</Filter>
    </ClInclude>
    <ClInclude Include="Enemy.h">
      <Filter>Header Files</Filter>
    </ClInclude>
    <ClInclude Include="Player.h">
      <Filter>Header Files</Filter>
    </ClInclude>
    <ClInclude Include="FOVBackground.h">
      <Filter>Header Files</Filter>
    </ClInclude>
    <ClInclude Include="Missile.h">
      <Filter>Header Files</Filter>
    </ClInclude>
  </ItemGroup>
  <ItemGroup>
    <Image Include="SpaceOut.ico">
      <Filter>Resource Files</Filter>
    </Image>
    <Image Include="SpaceOut_sm.ico">
      <Filter>Resource Files</Filter>
    </Image>
    <Image Include="bitmap1.bmp">
      <Filter>Resource Files</Filter>
    </Image>
    <Image Include="wall.bmp">
      <Filter>Resource Files</Filter>
    </Image>
    <Image Include="Desert.bmp">
      <Filter>Resource Files</Filter>
    </Image>
    <Image Include="Car.bmp">
      <Filter>Resource Files</Filter>
    </Image>
    <Image Include="SmCar.bmp">
      <Filter>Resource Files</Filter>
    </Image>
    <Image Include="Missile.bmp">
      <Filter>Resource Files</Filter>
    </Image>
    <Image Include="Blobbo.bmp">
      <Filter>Resource Files</Filter>
    </Image>
    <Image Include="BMissile.bmp">
      <Filter>Resource Files</Filter>
    </Image>
    <Image Include="Jelly.bmp">
      <Filter>Resource Files</Filter>
    </Image>
    <Image Include="JMissile.bmp">
      <Filter>Resource Files</Filter>
    </Image>
    <Image Include="Timmy.bmp">
      <Filter>Resource Files</Filter>
    </Image>
    <Image Include="TMissile.bmp">
      <Filter>Resource Files</Filter>
    </Image>
    <Image Include="SmExplosion.bmp">
      <Filter>Resource Files</Filter>
    </Image>
    <Image Include="LgExplosion.bmp">
      <Filter>Resource Files</Filter>
    </Image>
    <Image Include="GameOver.bmp">
      <Filter>Resource Files</Filter>
    </Image>
    <Image Include="grid_bg.png" />
    <Image Include="idle.bmp">
      <Filter>Resource Files</Filter>
    </Image>
    <Image Include="bitmap2.bmp">
      <Filter>Resource Files</Filter>
    </Image>
    <Image Include="idle(1).bmp">
      <Filter>Resource Files</Filter>
    </Image>
  </ItemGroup>
  <ItemGroup>
    <ResourceCompile Include="SpaceOut.rc">
      <Filter>Resource Files</Filter>
    </ResourceCompile>
  </ItemGroup>
  <ItemGroup>
    <Media Include="Missile.wav" />
    <Media Include="BMissile.wav" />
    <Media Include="JMissile.wav" />
    <Media Include="TMissile.wav" />
    <Media Include="SmExplode.wav" />
    <Media Include="LgExplode.wav" />
    <Media Include="GameOver.wav" />
  </ItemGroup>
</Project>